
Microsoft Visual Studio Solution File, Format Version 12.00
# Visual Studio Version 17
VisualStudioVersion = 17.6.33829.357
MinimumVisualStudioVersion = 10.0.40219.1
Project("{FAE04EC0-301F-11D3-BF4B-00C04F79EFBC}") = "Aikso_bot", "Aikso_bot\Aikso_bot.csproj", "{C73EBCF2-F1F5-4ADE-B884-BFE718D4D916}"
EndProject
Global
	GlobalSection(SolutionConfigurationPlatforms) = preSolution
		Debug|Any CPU = Debug|Any CPU
		Release|Any CPU = Release|Any CPU
	EndGlobalSection
	GlobalSection(ProjectConfigurationPlatforms) = postSolution
		{C73EBCF2-F1F5-4ADE-B884-BFE718D4D916}.Debug|Any CPU.ActiveCfg = Debug|Any CPU
		{C73EBCF2-F1F5-4ADE-B884-BFE718D4D916}.Debug|Any CPU.Build.0 = Debug|Any CPU
		{C73EBCF2-F1F5-4ADE-B884-BFE718D4D916}.Release|Any CPU.ActiveCfg = Release|Any CPU
		{C73EBCF2-F1F5-4ADE-B884-BFE718D4D916}.Release|Any CPU.Build.0 = Release|Any CPU
	EndGlobalSection
	GlobalSection(SolutionProperties) = preSolution
		HideSolutionNode = FALSE
	EndGlobalSection
	GlobalSection(ExtensibilityGlobals) = postSolution
		SolutionGuid = {B1D420D8-505D-4363-BC4A-F464EB650810}
	EndGlobalSection
EndGlobal
